
Microsoft Visual Studio Solution File, Format Version 12.00
# Visual Studio Version 17
VisualStudioVersion = 17.1.32319.34
MinimumVisualStudioVersion = 10.0.40219.1
Project("{FAE04EC0-301F-11D3-BF4B-00C04F79EFBC}") = "Ioco.Infrastructure.Vault", "Ioco.Infrastructure.Vault\Ioco.Infrastructure.Vault.csproj", "{1A41A705-0E5F-4453-B65A-738743702AC6}"
EndProject
Global
	GlobalSection(SolutionConfigurationPlatforms) = preSolution
		Debug|Any CPU = Debug|Any CPU
		Release|Any CPU = Release|Any CPU
	EndGlobalSection
	GlobalSection(ProjectConfigurationPlatforms) = postSolution
		{1A41A705-0E5F-4453-B65A-738743702AC6}.Debug|Any CPU.ActiveCfg = Debug|Any CPU
		{1A41A705-0E5F-4453-B65A-738743702AC6}.Debug|Any CPU.Build.0 = Debug|Any CPU
		{1A41A705-0E5F-4453-B65A-738743702AC6}.Release|Any CPU.ActiveCfg = Release|Any CPU
		{1A41A705-0E5F-4453-B65A-738743702AC6}.Release|Any CPU.Build.0 = Release|Any CPU
	EndGlobalSection
	GlobalSection(SolutionProperties) = preSolution
		HideSolutionNode = FALSE
	EndGlobalSection
	GlobalSection(ExtensibilityGlobals) = postSolution
		SolutionGuid = {AF420A02-3AEE-485D-9459-70B55D7F936E}
	EndGlobalSection
EndGlobal
